{
  "name": "js",
  "version": "1.0.0",
  "lockfileVersion": 3,
  "requires": true,
  "packages": {
    "": {
      "name": "js",
      "version": "1.0.0",
      "license": "ISC",
      "dependencies": {
        "htmx.org": "^2.0.4"
      },
      "devDependencies": {
        "typescript": "^5.8.3"
      }
    },
    "node_modules/htmx.org": {
      "version": "2.0.4",
      "resolved": "https://registry.npmjs.org/htmx.org/-/htmx.org-2.0.4.tgz",
      "integrity": "sha512-HLxMCdfXDOJirs3vBZl/ZLoY+c7PfM4Ahr2Ad4YXh6d22T5ltbTXFFkpx9Tgb2vvmWFMbIc3LqN2ToNkZJvyYQ=="
    },
    "node_modules/typescript": {
      "version": "5.8.3",
      "resolved": "https://registry.npmjs.org/typescript/-/typescript-5.8.3.tgz",
      "integrity": "sha512-p1diW6TqL9L07nNxvRMM7hMMw4c5XOo/1ibL4aAIGmSAt9slTE1Xgw5KWuof2uTOvCg9BY7ZRi+GaF+7sfgPeQ==",
      "dev": true,
      "bin": {
        "tsc": "bin/tsc",
        "tsserver": "bin/tsserver"
      },
      "engines": {
        "node": ">=14.17"
      }
    }
  }
}
